
Microsoft Visual Studio Solution File, Format Version 12.00
# Visual Studio Version 17
VisualStudioVersion = 17.3.32804.467
MinimumVisualStudioVersion = 10.0.40219.1
Project("{FAE04EC0-301F-11D3-BF4B-00C04F79EFBC}") = "ProadelWebAPI", "ProadelWebAPI\ProadelWebAPI.csproj", "{38CBFDDD-A340-42EB-85B2-2EC166E5BBCE}"
EndProject
Global
	GlobalSection(SolutionConfigurationPlatforms) = preSolution
		Debug|Any CPU = Debug|Any CPU
		Release|Any CPU = Release|Any CPU
	EndGlobalSection
	GlobalSection(ProjectConfigurationPlatforms) = postSolution
		{38CBFDDD-A340-42EB-85B2-2EC166E5BBCE}.Debug|Any CPU.ActiveCfg = Debug|Any CPU
		{38CBFDDD-A340-42EB-85B2-2EC166E5BBCE}.Debug|Any CPU.Build.0 = Debug|Any CPU
		{38CBFDDD-A340-42EB-85B2-2EC166E5BBCE}.Release|Any CPU.ActiveCfg = Release|Any CPU
		{38CBFDDD-A340-42EB-85B2-2EC166E5BBCE}.Release|Any CPU.Build.0 = Release|Any CPU
	EndGlobalSection
	GlobalSection(SolutionProperties) = preSolution
		HideSolutionNode = FALSE
	EndGlobalSection
	GlobalSection(ExtensibilityGlobals) = postSolution
		SolutionGuid = {3C5BBE6D-CE7E-4C73-9A81-54F85569E8F7}
	EndGlobalSection
EndGlobal
